PODS:
  - InjectionIIISupport (1.1.0)
  - Masonry (1.1.0)

DEPENDENCIES:
  - InjectionIIISupport (from `./`)
  - Masonry (~> 1.1.0)

SPEC REPOS:
  trunk:
    - Masonry

EXTERNAL SOURCES:
  InjectionIIISupport:
    :path: "./"

SPEC CHECKSUMS:
  InjectionIIISupport: 43b131afa22d4892daa783e4668538c5877fa043
  Masonry: 678fab65091a9290e40e2832a55e7ab731aad201

PODFILE CHECKSUM: 2c005051fcf4d2c346608172bbf65abec90dea3a

COCOAPODS: 1.10.1
