// !$*UTF8*$!
{
	archiveVersion = 1;
	classes = {
	};
	objectVersion = 51;
	objects = {

/* Begin PBXBuildFile section */
		244ED15EAE83A83E5FD56BBE /* Pods_ExampleForSwift.framework in Frameworks */ = {isa = PBXBuildFile; fileRef = BB77FE9A20596B51183748FD /* Pods_ExampleForSwift.framework */; };
		470F471226C95158000FE0A5 /* AppDelegate.swift in Sources */ = {isa = PBXBuildFile; fileRef = 470F471126C95158000FE0A5 /* AppDelegate.swift */; };
		470F471626C95158000FE0A5 /* ViewController.swift in Sources */ = {isa = PBXBuildFile; fileRef = 470F471526C95158000FE0A5 /* ViewController.swift */; };
		470F471926C95158000FE0A5 /* Main.storyboard in Resources */ = {isa = PBXBuildFile; fileRef = 470F471726C95158000FE0A5 /* Main.storyboard */; };
		470F471B26C9515B000FE0A5 /* Assets.xcassets in Resources */ = {isa = PBXBuildFile; fileRef = 470F471A26C9515B000FE0A5 /* Assets.xcassets */; };
		470F471E26C9515B000FE0A5 /* LaunchScreen.storyboard in Resources */ = {isa = PBXBuildFile; fileRef = 470F471C26C9515B000FE0A5 /* LaunchScreen.storyboard */; };
/* End PBXBuildFile section */

/* Begin PBXFileReference section */
		470F470E26C95158000FE0A5 /* ExampleForSwift.app */ = {isa = PBXFileReference; explicitFileType = wrapper.application; includeInIndex = 0; path = ExampleForSwift.app; sourceTree = BUILT_PRODUCTS_DIR; };
		470F471126C95158000FE0A5 /* AppDelegate.swift */ = {isa = PBXFileReference; lastKnownFileType = sourcecode.swift; path = AppDelegate.swift; sourceTree = "<group>"; };
		470F471526C95158000FE0A5 /* ViewController.swift */ = {isa = PBXFileReference; lastKnownFileType = sourcecode.swift; path = ViewController.swift; sourceTree = "<group>"; };
		470F471826C95158000FE0A5 /* Base */ = {isa = PBXFileReference; lastKnownFileType = file.storyboard; name = Base; path = Base.lproj/Main.storyboard; sourceTree = "<group>"; };
		470F471A26C9515B000FE0A5 /* Assets.xcassets */ = {isa = PBXFileReference; lastKnownFileType = folder.assetcatalog; path = Assets.xcassets; sourceTree = "<group>"; };
		470F471D26C9515B000FE0A5 /* Base */ = {isa = PBXFileReference; lastKnownFileType = file.storyboard; name = Base; path = Base.lproj/LaunchScreen.storyboard; sourceTree = "<group>"; };
		470F471F26C9515B000FE0A5 /* Info.plist */ = {isa = PBXFileReference; lastKnownFileType = text.plist.xml; path = Info.plist; sourceTree = "<group>"; };
		581CEC9373711D395300380B /* Pods-ExampleForSwift.debug.xcconfig */ = {isa = PBXFileReference; includeInIndex = 1; lastKnownFileType = text.xcconfig; name = "Pods-ExampleForSwift.debug.xcconfig"; path = "Target Support Files/Pods-ExampleForSwift/Pods-ExampleForSwift.debug.xcconfig"; sourceTree = "<group>"; };
		64F8C6CFD6AB3583CFD4B21D /* Pods-TestSwiftHotReload.debug.xcconfig */ = {isa = PBXFileReference; includeInIndex = 1; lastKnownFileType = text.xcconfig; name = "Pods-TestSwiftHotReload.debug.xcconfig"; path = "Target Support Files/Pods-TestSwiftHotReload/Pods-TestSwiftHotReload.debug.xcconfig"; sourceTree = "<group>"; };
		B83778ABD964FDDD44E1AC28 /* Pods-ExampleForSwift.release.xcconfig */ = {isa = PBXFileReference; includeInIndex = 1; lastKnownFileType = text.xcconfig; name = "Pods-ExampleForSwift.release.xcconfig"; path = "Target Support Files/Pods-ExampleForSwift/Pods-ExampleForSwift.release.xcconfig"; sourceTree = "<group>"; };
		BB77FE9A20596B51183748FD /* Pods_ExampleForSwift.framework */ = {isa = PBXFileReference; explicitFileType = wrapper.framework; includeInIndex = 0; path = Pods_ExampleForSwift.framework; sourceTree = BUILT_PRODUCTS_DIR; };
		C643E07DE1139CFC1BFA0D4D /* Pods-TestSwiftHotReload.release.xcconfig */ = {isa = PBXFileReference; includeInIndex = 1; lastKnownFileType = text.xcconfig; name = "Pods-TestSwiftHotReload.release.xcconfig"; path = "Target Support Files/Pods-TestSwiftHotReload/Pods-TestSwiftHotReload.release.xcconfig"; sourceTree = "<group>"; };
/* End PBXFileReference section */

/* Begin PBXFrameworksBuildPhase section */
		470F470B26C95158000FE0A5 /* Frameworks */ = {
			isa = PBXFrameworksBuildPhase;
			buildActionMask = 2147483647;
			files = (
				244ED15EAE83A83E5FD56BBE /* Pods_ExampleForSwift.framework in Frameworks */,
			);
			runOnlyForDeploymentPostprocessing = 0;
		};
/* End PBXFrameworksBuildPhase section */

/* Begin PBXGroup section */
		21750B8C82EE9E4206A355AF /* Pods */ = {
			isa = PBXGroup;
			children = (
				64F8C6CFD6AB3583CFD4B21D /* Pods-TestSwiftHotReload.debug.xcconfig */,
				C643E07DE1139CFC1BFA0D4D /* Pods-TestSwiftHotReload.release.xcconfig */,
				581CEC9373711D395300380B /* Pods-ExampleForSwift.debug.xcconfig */,
				B83778ABD964FDDD44E1AC28 /* Pods-ExampleForSwift.release.xcconfig */,
			);
			path = Pods;
			sourceTree = "<group>";
		};
		470F470526C95158000FE0A5 = {
			isa = PBXGroup;
			children = (
				470F471026C95158000FE0A5 /* ExampleForSwift */,
				470F470F26C95158000FE0A5 /* Products */,
				21750B8C82EE9E4206A355AF /* Pods */,
				D59F1C1E6C145BD2C23E1D14 /* Frameworks */,
			);
			sourceTree = "<group>";
		};
		470F470F26C95158000FE0A5 /* Products */ = {
			isa = PBXGroup;
			children = (
				470F470E26C95158000FE0A5 /* ExampleForSwift.app */,
			);
			name = Products;
			sourceTree = "<group>";
		};
		470F471026C95158000FE0A5 /* ExampleForSwift */ = {
			isa = PBXGroup;
			children = (
				470F471126C95158000FE0A5 /* AppDelegate.swift */,
				470F471526C95158000FE0A5 /* ViewController.swift */,
				470F471726C95158000FE0A5 /* Main.storyboard */,
				470F471A26C9515B000FE0A5 /* Assets.xcassets */,
				470F471C26C9515B000FE0A5 /* LaunchScreen.storyboard */,
				470F471F26C9515B000FE0A5 /* Info.plist */,
			);
			path = ExampleForSwift;
			sourceTree = "<group>";
		};
		D59F1C1E6C145BD2C23E1D14 /* Frameworks */ = {
			isa = PBXGroup;
			children = (
				BB77FE9A20596B51183748FD /* Pods_ExampleForSwift.framework */,
			);
			name = Frameworks;
			sourceTree = "<group>";
		};
/* End PBXGroup section */

/* Begin PBXNativeTarget section */
		470F470D26C95158000FE0A5 /* ExampleForSwift */ = {
			isa = PBXNativeTarget;
			buildConfigurationList = 470F472226C9515B000FE0A5 /* Build configuration list for PBXNativeTarget "ExampleForSwift" */;
			buildPhases = (
				2D7C0AB616E7B1C7BA6DF446 /* [CP] Check Pods Manifest.lock */,
				470F470A26C95158000FE0A5 /* Sources */,
				470F470B26C95158000FE0A5 /* Frameworks */,
				470F470C26C95158000FE0A5 /* Resources */,
				78D1E5C21455F173D9995871 /* [CP] Embed Pods Frameworks */,
			);
			buildRules = (
			);
			dependencies = (
			);
			name = ExampleForSwift;
			productName = TestSwiftHotReload;
			productReference = 470F470E26C95158000FE0A5 /* ExampleForSwift.app */;
			productType = "com.apple.product-type.application";
		};
/* End PBXNativeTarget section */

/* Begin PBXProject section */
		470F470626C95158000FE0A5 /* Project object */ = {
			isa = PBXProject;
			attributes = {
				LastSwiftUpdateCheck = 1230;
				LastUpgradeCheck = 1230;
				TargetAttributes = {
					470F470D26C95158000FE0A5 = {
						CreatedOnToolsVersion = 12.3;
					};
				};
			};
			buildConfigurationList = 470F470926C95158000FE0A5 /* Build configuration list for PBXProject "ExampleForSwift" */;
			compatibilityVersion = "Xcode 9.3";
			developmentRegion = en;
			hasScannedForEncodings = 0;
			knownRegions = (
				en,
				Base,
			);
			mainGroup = 470F470526C95158000FE0A5;
			productRefGroup = 470F470F26C95158000FE0A5 /* Products */;
			projectDirPath = "";
			projectRoot = "";
			targets = (
				470F470D26C95158000FE0A5 /* ExampleForSwift */,
			);
		};
/* End PBXProject section */

/* Begin PBXResourcesBuildPhase section */
		470F470C26C95158000FE0A5 /* Resources */ = {
			isa = PBXResourcesBuildPhase;
			buildActionMask = 2147483647;
			files = (
				470F471E26C9515B000FE0A5 /* LaunchScreen.storyboard in Resources */,
				470F471B26C9515B000FE0A5 /* Assets.xcassets in Resources */,
				470F471926C95158000FE0A5 /* Main.storyboard in Resources */,
			);
			runOnlyForDeploymentPostprocessing = 0;
		};
/* End PBXResourcesBuildPhase section */

/* Begin PBXShellScriptBuildPhase section */
		2D7C0AB616E7B1C7BA6DF446 /* [CP] Check Pods Manifest.lock */ = {
			isa = PBXShellScriptBuildPhase;
			buildActionMask = 2147483647;
			files = (
			);
			inputFileListPaths = (
			);
			inputPaths = (
				"${PODS_PODFILE_DIR_PATH}/Podfile.lock",
				"${PODS_ROOT}/Manifest.lock",
			);
			name = "[CP] Check Pods Manifest.lock";
			outputFileListPaths = (
			);
			outputPaths = (
				"$(DERIVED_FILE_DIR)/Pods-ExampleForSwift-checkManifestLockResult.txt",
			);
			runOnlyForDeploymentPostprocessing = 0;
			shellPath = /bin/sh;
			shellScript = "diff \"${PODS_PODFILE_DIR_PATH}/Podfile.lock\" \"${PODS_ROOT}/Manifest.lock\" > /dev/null\nif [ $? != 0 ] ; then\n    # print error to STDERR\n    echo \"error: The sandbox is not in sync with the Podfile.lock. Run 'pod install' or update your CocoaPods installation.\" >&2\n    exit 1\nfi\n# This output is used by Xcode 'outputs' to avoid re-running this script phase.\necho \"SUCCESS\" > \"${SCRIPT_OUTPUT_FILE_0}\"\n";
			showEnvVarsInLog = 0;
		};
		78D1E5C21455F173D9995871 /* [CP] Embed Pods Frameworks */ = {
			isa = PBXShellScriptBuildPhase;
			buildActionMask = 2147483647;
			files = (
			);
			inputFileListPaths = (
				"${PODS_ROOT}/Target Support Files/Pods-ExampleForSwift/Pods-ExampleForSwift-frameworks-${CONFIGURATION}-input-files.xcfilelist",
			);
			name = "[CP] Embed Pods Frameworks";
			outputFileListPaths = (
				"${PODS_ROOT}/Target Support Files/Pods-ExampleForSwift/Pods-ExampleForSwift-frameworks-${CONFIGURATION}-output-files.xcfilelist",
			);
			runOnlyForDeploymentPostprocessing = 0;
			shellPath = /bin/sh;
			shellScript = "\"${PODS_ROOT}/Target Support Files/Pods-ExampleForSwift/Pods-ExampleForSwift-frameworks.sh\"\n";
			showEnvVarsInLog = 0;
		};
/* End PBXShellScriptBuildPhase section */

/* Begin PBXSourcesBuildPhase section */
		470F470A26C95158000FE0A5 /* Sources */ = {
			isa = PBXSourcesBuildPhase;
			buildActionMask = 2147483647;
			files = (
				470F471626C95158000FE0A5 /* ViewController.swift in Sources */,
				470F471226C95158000FE0A5 /* AppDelegate.swift in Sources */,
			);
			runOnlyForDeploymentPostprocessing = 0;
		};
/* End PBXSourcesBuildPhase section */

/* Begin PBXVariantGroup section */
		470F471726C95158000FE0A5 /* Main.storyboard */ = {
			isa = PBXVariantGroup;
			children = (
				470F471826C95158000FE0A5 /* Base */,
			);
			name = Main.storyboard;
			sourceTree = "<group>";
		};
		470F471C26C9515B000FE0A5 /* LaunchScreen.storyboard */ = {
			isa = PBXVariantGroup;
			children = (
				470F471D26C9515B000FE0A5 /* Base */,
			);
			name = LaunchScreen.storyboard;
			sourceTree = "<group>";
		};
/* End PBXVariantGroup section */

/* Begin XCBuildConfiguration section */
		470F472026C9515B000FE0A5 /* Debug */ = {
			isa = XCBuildConfiguration;
			buildSettings = {
				ALWAYS_SEARCH_USER_PATHS = NO;
				CLANG_ANALYZER_NONNULL = YES;
				CLANG_ANALYZER_NUMBER_OBJECT_CONVERSION = YES_AGGRESSIVE;
				CLANG_CXX_LANGUAGE_STANDARD = "gnu++14";
				CLANG_CXX_LIBRARY = "libc++";
				CLANG_ENABLE_MODULES = YES;
				CLANG_ENABLE_OBJC_ARC = YES;
				CLANG_ENABLE_OBJC_WEAK = YES;
				CLANG_WARN_BLOCK_CAPTURE_AUTORELEASING = YES;
				CLANG_WARN_BOOL_CONVERSION = YES;
				CLANG_WARN_COMMA = YES;
				CLANG_WARN_CONSTANT_CONVERSION = YES;
				CLANG_WARN_DEPRECATED_OBJC_IMPLEMENTATIONS = YES;
				CLANG_WARN_DIRECT_OBJC_ISA_USAGE = YES_ERROR;
				CLANG_WARN_DOCUMENTATION_COMMENTS = YES;
				CLANG_WARN_EMPTY_BODY = YES;
				CLANG_WARN_ENUM_CONVERSION = YES;
				CLANG_WARN_INFINITE_RECURSION = YES;
				CLANG_WARN_INT_CONVERSION = YES;
				CLANG_WARN_NON_LITERAL_NULL_CONVERSION = YES;
				CLANG_WARN_OBJC_IMPLICIT_RETAIN_SELF = YES;
				CLANG_WARN_OBJC_LITERAL_CONVERSION = YES;
				CLANG_WARN_OBJC_ROOT_CLASS = YES_ERROR;
				CLANG_WARN_QUOTED_INCLUDE_IN_FRAMEWORK_HEADER = YES;
				CLANG_WARN_RANGE_LOOP_ANALYSIS = YES;
				CLANG_WARN_STRICT_PROTOTYPES = YES;
				CLANG_WARN_SUSPICIOUS_MOVE = YES;
				CLANG_WARN_UNGUARDED_AVAILABILITY = YES_AGGRESSIVE;
				CLANG_WARN_UNREACHABLE_CODE = YES;
				CLANG_WARN__DUPLICATE_METHOD_MATCH = YES;
				COPY_PHASE_STRIP = NO;
				DEBUG_INFORMATION_FORMAT = dwarf;
				ENABLE_STRICT_OBJC_MSGSEND = YES;
				ENABLE_TESTABILITY = YES;
				GCC_C_LANGUAGE_STANDARD = gnu11;
				GCC_DYNAMIC_NO_PIC = NO;
				GCC_NO_COMMON_BLOCKS = YES;
				GCC_OPTIMIZATION_LEVEL = 0;
				GCC_PREPROCESSOR_DEFINITIONS = (
					"DEBUG=1",
					"$(inherited)",
				);
				GCC_WARN_64_TO_32_BIT_CONVERSION = YES;
				GCC_WARN_ABOUT_RETURN_TYPE = YES_ERROR;
				GCC_WARN_UNDECLARED_SELECTOR = YES;
				GCC_WARN_UNINITIALIZED_AUTOS = YES_AGGRESSIVE;
				GCC_WARN_UNUSED_FUNCTION = YES;
				GCC_WARN_UNUSED_VARIABLE = YES;
				IPHONEOS_DEPLOYMENT_TARGET = 14.3;
				MTL_ENABLE_DEBUG_INFO = INCLUDE_SOURCE;
				MTL_FAST_MATH = YES;
				ONLY_ACTIVE_ARCH = YES;
				SDKROOT = iphoneos;
				SWIFT_ACTIVE_COMPILATION_CONDITIONS = DEBUG;
				SWIFT_OPTIMIZATION_LEVEL = "-Onone";
			};
			name = Debug;
		};
		470F472126C9515B000FE0A5 /* Release */ = {
			isa = XCBuildConfiguration;
			buildSettings = {
				ALWAYS_SEARCH_USER_PATHS = NO;
				CLANG_ANALYZER_NONNULL = YES;
				CLANG_ANALYZER_NUMBER_OBJECT_CONVERSION = YES_AGGRESSIVE;
				CLANG_CXX_LANGUAGE_STANDARD = "gnu++14";
				CLANG_CXX_LIBRARY = "libc++";
				CLANG_ENABLE_MODULES = YES;
				CLANG_ENABLE_OBJC_ARC = YES;
				CLANG_ENABLE_OBJC_WEAK = YES;
				CLANG_WARN_BLOCK_CAPTURE_AUTORELEASING = YES;
				CLANG_WARN_BOOL_CONVERSION = YES;
				CLANG_WARN_COMMA = YES;
				CLANG_WARN_CONSTANT_CONVERSION = YES;
				CLANG_WARN_DEPRECATED_OBJC_IMPLEMENTATIONS = YES;
				CLANG_WARN_DIRECT_OBJC_ISA_USAGE = YES_ERROR;
				CLANG_WARN_DOCUMENTATION_COMMENTS = YES;
				CLANG_WARN_EMPTY_BODY = YES;
				CLANG_WARN_ENUM_CONVERSION = YES;
				CLANG_WARN_INFINITE_RECURSION = YES;
				CLANG_WARN_INT_CONVERSION = YES;
				CLANG_WARN_NON_LITERAL_NULL_CONVERSION = YES;
				CLANG_WARN_OBJC_IMPLICIT_RETAIN_SELF = YES;
				CLANG_WARN_OBJC_LITERAL_CONVERSION = YES;
				CLANG_WARN_OBJC_ROOT_CLASS = YES_ERROR;
				CLANG_WARN_QUOTED_INCLUDE_IN_FRAMEWORK_HEADER = YES;
				CLANG_WARN_RANGE_LOOP_ANALYSIS = YES;
				CLANG_WARN_STRICT_PROTOTYPES = YES;
				CLANG_WARN_SUSPICIOUS_MOVE = YES;
				CLANG_WARN_UNGUARDED_AVAILABILITY = YES_AGGRESSIVE;
				CLANG_WARN_UNREACHABLE_CODE = YES;
				CLANG_WARN__DUPLICATE_METHOD_MATCH = YES;
				COPY_PHASE_STRIP = NO;
				DEBUG_INFORMATION_FORMAT = "dwarf-with-dsym";
				ENABLE_NS_ASSERTIONS = NO;
				ENABLE_STRICT_OBJC_MSGSEND = YES;
				GCC_C_LANGUAGE_STANDARD = gnu11;
				GCC_NO_COMMON_BLOCKS = YES;
				GCC_WARN_64_TO_32_BIT_CONVERSION = YES;
				GCC_WARN_ABOUT_RETURN_TYPE = YES_ERROR;
				GCC_WARN_UNDECLARED_SELECTOR = YES;
				GCC_WARN_UNINITIALIZED_AUTOS = YES_AGGRESSIVE;
				GCC_WARN_UNUSED_FUNCTION = YES;
				GCC_WARN_UNUSED_VARIABLE = YES;
				IPHONEOS_DEPLOYMENT_TARGET = 14.3;
				MTL_ENABLE_DEBUG_INFO = NO;
				MTL_FAST_MATH = YES;
				SDKROOT = iphoneos;
				SWIFT_COMPILATION_MODE = wholemodule;
				SWIFT_OPTIMIZATION_LEVEL = "-O";
				VALIDATE_PRODUCT = YES;
			};
			name = Release;
		};
		470F472326C9515B000FE0A5 /* Debug */ = {
			isa = XCBuildConfiguration;
			baseConfigurationReference = 581CEC9373711D395300380B /* Pods-ExampleForSwift.debug.xcconfig */;
			buildSettings = {
				ASSETCATALOG_COMPILER_APPICON_NAME = AppIcon;
				ASSETCATALOG_COMPILER_GLOBAL_ACCENT_COLOR_NAME = AccentColor;
				CODE_SIGN_STYLE = Automatic;
				DEVELOPMENT_TEAM = LP4Q27FSMH;
				INFOPLIST_FILE = "$(SRCROOT)/ExampleForSwift/Info.plist";
				IPHONEOS_DEPLOYMENT_TARGET = 9.0;
				LD_RUNPATH_SEARCH_PATHS = (
					"$(inherited)",
					"@executable_path/Frameworks",
				);
				OTHER_LDFLAGS = (
					"$(inherited)",
					"-framework",
					"\"Foundation\"",
					"-framework",
					"\"Masonry\"",
					"-framework",
					"\"UIKit\"",
					"-Xlinker",
					"-interposable",
				);
				PRODUCT_BUNDLE_IDENTIFIER = steven.ExampleForSwift;
				PRODUCT_NAME = "$(TARGET_NAME)";
				SWIFT_VERSION = 5.0;
				TARGETED_DEVICE_FAMILY = "1,2";
			};
			name = Debug;
		};
		470F472426C9515B000FE0A5 /* Release */ = {
			isa = XCBuildConfiguration;
			baseConfigurationReference = B83778ABD964FDDD44E1AC28 /* Pods-ExampleForSwift.release.xcconfig */;
			buildSettings = {
				ASSETCATALOG_COMPILER_APPICON_NAME = AppIcon;
				ASSETCATALOG_COMPILER_GLOBAL_ACCENT_COLOR_NAME = AccentColor;
				CODE_SIGN_STYLE = Automatic;
				DEVELOPMENT_TEAM = LP4Q27FSMH;
				INFOPLIST_FILE = "$(SRCROOT)/ExampleForSwift/Info.plist";
				IPHONEOS_DEPLOYMENT_TARGET = 9.0;
				LD_RUNPATH_SEARCH_PATHS = (
					"$(inherited)",
					"@executable_path/Frameworks",
				);
				OTHER_LDFLAGS = (
					"$(inherited)",
					"-framework",
					"\"Foundation\"",
					"-framework",
					"\"Masonry\"",
					"-framework",
					"\"UIKit\"",
					"-Xlinker",
					"-interposable",
					"-undefined",
					dynamic_lookup,
				);
				PRODUCT_BUNDLE_IDENTIFIER = steven.ExampleForSwift;
				PRODUCT_NAME = "$(TARGET_NAME)";
				SWIFT_VERSION = 5.0;
				TARGETED_DEVICE_FAMILY = "1,2";
			};
			name = Release;
		};
/* End XCBuildConfiguration section */

/* Begin XCConfigurationList section */
		470F470926C95158000FE0A5 /* Build configuration list for PBXProject "ExampleForSwift" */ = {
			isa = XCConfigurationList;
			buildConfigurations = (
				470F472026C9515B000FE0A5 /* Debug */,
				470F472126C9515B000FE0A5 /* Release */,
			);
			defaultConfigurationIsVisible = 0;
			defaultConfigurationName = Release;
		};
		470F472226C9515B000FE0A5 /* Build configuration list for PBXNativeTarget "ExampleForSwift" */ = {
			isa = XCConfigurationList;
			buildConfigurations = (
				470F472326C9515B000FE0A5 /* Debug */,
				470F472426C9515B000FE0A5 /* Release */,
			);
			defaultConfigurationIsVisible = 0;
			defaultConfigurationName = Release;
		};
/* End XCConfigurationList section */
	};
	rootObject = 470F470626C95158000FE0A5 /* Project object */;
}
